
Microsoft Visual Studio Solution File, Format Version 12.00
# Visual Studio Version 17
VisualStudioVersion = 17.0.31903.59
MinimumVisualStudioVersion = 10.0.40219.1
Project("{FAE04EC0-301F-11D3-BF4B-00C04F79EFBC}") = "Gnome", "Gnome\Gnome.csproj", "{AE5DECAE-3FC3-4014-AF84-05DCEA82F09E}"
EndProject
Global
	GlobalSection(SolutionConfigurationPlatforms) = preSolution
		Debug|Any CPU = Debug|Any CPU
		Release|Any CPU = Release|Any CPU
	EndGlobalSection
	GlobalSection(ProjectConfigurationPlatforms) = postSolution
		{AE5DECAE-3FC3-4014-AF84-05DCEA82F09E}.Debug|Any CPU.ActiveCfg = Debug|Any CPU
		{AE5DECAE-3FC3-4014-AF84-05DCEA82F09E}.Debug|Any CPU.Build.0 = Debug|Any CPU
		{AE5DECAE-3FC3-4014-AF84-05DCEA82F09E}.Release|Any CPU.ActiveCfg = Release|Any CPU
		{AE5DECAE-3FC3-4014-AF84-05DCEA82F09E}.Release|Any CPU.Build.0 = Release|Any CPU
	EndGlobalSection
	GlobalSection(SolutionProperties) = preSolution
		HideSolutionNode = FALSE
	EndGlobalSection
	GlobalSection(ExtensibilityGlobals) = postSolution
		SolutionGuid = {CD82D91B-4035-4672-95B1-7AA6F1E4ED79}
	EndGlobalSection
EndGlobal
